// !$*UTF8*$!
{
	archiveVersion = 1;
	classes = {
	};
	objectVersion = 50;
	objects = {

/* Begin PBXBuildFile section */
		6246F49629F3385F008D3D53 /* AppDelegate.swift in Sources */ = {isa = PBXBuildFile; fileRef = 6246F49529F3385F008D3D53 /* AppDelegate.swift */; };
		6246F49929F3385F008D3D53 /* Main.storyboard in Resources */ = {isa = PBXBuildFile; fileRef = 6246F49729F3385F008D3D53 /* Main.storyboard */; };
		6246F49B29F3385F008D3D53 /* ViewController.swift in Sources */ = {isa = PBXBuildFile; fileRef = 6246F49A29F3385F008D3D53 /* ViewController.swift */; };
		6246F49D29F33888008D3D53 /* Assets.xcassets in Resources */ = {isa = PBXBuildFile; fileRef = 6246F49C29F33888008D3D53 /* Assets.xcassets */; };
		6246F4A429F33888008D3D53 /* BlueBlocked Extension.appex in Embed App Extensions */ = {isa = PBXBuildFile; fileRef = 6246F4A329F33888008D3D53 /* BlueBlocked Extension.appex */; settings = {ATTRIBUTES = (RemoveHeadersOnCopy, ); }; };
		6246F4A929F33888008D3D53 /* Cocoa.framework in Frameworks */ = {isa = PBXBuildFile; fileRef = 6246F4A829F33888008D3D53 /* Cocoa.framework */; };
		6246F4AC29F33888008D3D53 /* SafariWebExtensionHandler.swift in Sources */ = {isa = PBXBuildFile; fileRef = 6246F4AB29F33888008D3D53 /* SafariWebExtensionHandler.swift */; };
		6246F4AF29F33888008D3D53 /* _locales in Resources */ = {isa = PBXBuildFile; fileRef = 6246F4AE29F33888008D3D53 /* _locales */; };
		6246F4B129F33888008D3D53 /* images in Resources */ = {isa = PBXBuildFile; fileRef = 6246F4B029F33888008D3D53 /* images */; };
		6246F4B329F33889008D3D53 /* manifest.json in Resources */ = {isa = PBXBuildFile; fileRef = 6246F4B229F33889008D3D53 /* manifest.json */; };
		6246F4B529F33889008D3D53 /* background.js in Resources */ = {isa = PBXBuildFile; fileRef = 6246F4B429F33889008D3D53 /* background.js */; };
		6246F4B729F33889008D3D53 /* content.js in Resources */ = {isa = PBXBuildFile; fileRef = 6246F4B629F33889008D3D53 /* content.js */; };
		6246F4B929F33889008D3D53 /* popup.html in Resources */ = {isa = PBXBuildFile; fileRef = 6246F4B829F33889008D3D53 /* popup.html */; };
		6246F4BB29F33889008D3D53 /* popup.css in Resources */ = {isa = PBXBuildFile; fileRef = 6246F4BA29F33889008D3D53 /* popup.css */; };
		6246F4BD29F33889008D3D53 /* popup.js in Resources */ = {isa = PBXBuildFile; fileRef = 6246F4BC29F33889008D3D53 /* popup.js */; };
/* End PBXBuildFile section */

/* Begin PBXContainerItemProxy section */
		6246F4A529F33888008D3D53 /* PBXContainerItemProxy */ = {
			isa = PBXContainerItemProxy;
			containerPortal = 6246F48929F3385E008D3D53 /* Project object */;
			proxyType = 1;
			remoteGlobalIDString = 6246F4A229F33888008D3D53;
			remoteInfo = "BlueBlocked Extension";
		};
/* End PBXContainerItemProxy section */

/* Begin PBXCopyFilesBuildPhase section */
		6246F4C529F33889008D3D53 /* Embed App Extensions */ = {
			isa = PBXCopyFilesBuildPhase;
			buildActionMask = 2147483647;
			dstPath = "";
			dstSubfolderSpec = 13;
			files = (
				6246F4A429F33888008D3D53 /* BlueBlocked Extension.appex in Embed App Extensions */,
			);
			name = "Embed App Extensions";
			runOnlyForDeploymentPostprocessing = 0;
		};
/* End PBXCopyFilesBuildPhase section */

/* Begin PBXFileReference section */
		6246F49129F3385E008D3D53 /* BlueBlocked.app */ = {isa = PBXFileReference; explicitFileType = wrapper.application; includeInIndex = 0; path = BlueBlocked.app; sourceTree = BUILT_PRODUCTS_DIR; };
		6246F49429F3385E008D3D53 /* BlueBlocked.entitlements */ = {isa = PBXFileReference; lastKnownFileType = text.plist.entitlements; path = BlueBlocked.entitlements; sourceTree = "<group>"; };
		6246F49529F3385F008D3D53 /* AppDelegate.swift */ = {isa = PBXFileReference; lastKnownFileType = sourcecode.swift; path = AppDelegate.swift; sourceTree = "<group>"; };
		6246F49829F3385F008D3D53 /* Base */ = {isa = PBXFileReference; lastKnownFileType = file.storyboard; name = Base; path = Base.lproj/Main.storyboard; sourceTree = "<group>"; };
		6246F49A29F3385F008D3D53 /* ViewController.swift */ = {isa = PBXFileReference; lastKnownFileType = sourcecode.swift; path = ViewController.swift; sourceTree = "<group>"; };
		6246F49C29F33888008D3D53 /* Assets.xcassets */ = {isa = PBXFileReference; lastKnownFileType = folder.assetcatalog; path = Assets.xcassets; sourceTree = "<group>"; };
		6246F49E29F33888008D3D53 /* Info.plist */ = {isa = PBXFileReference; lastKnownFileType = text.plist.xml; path = Info.plist; sourceTree = "<group>"; };
		6246F4A329F33888008D3D53 /* BlueBlocked Extension.appex */ = {isa = PBXFileReference; explicitFileType = "wrapper.app-extension"; includeInIndex = 0; path = "BlueBlocked Extension.appex"; sourceTree = BUILT_PRODUCTS_DIR; };
		6246F4A829F33888008D3D53 /* Cocoa.framework */ = {isa = PBXFileReference; lastKnownFileType = wrapper.framework; name = Cocoa.framework; path = System/Library/Frameworks/Cocoa.framework; sourceTree = SDKROOT; };
		6246F4AB29F33888008D3D53 /* SafariWebExtensionHandler.swift */ = {isa = PBXFileReference; lastKnownFileType = sourcecode.swift; path = SafariWebExtensionHandler.swift; sourceTree = "<group>"; };
		6246F4AE29F33888008D3D53 /* _locales */ = {isa = PBXFileReference; lastKnownFileType = folder; path = _locales; sourceTree = "<group>"; };
		6246F4B029F33888008D3D53 /* images */ = {isa = PBXFileReference; lastKnownFileType = folder; path = images; sourceTree = "<group>"; };
		6246F4B229F33889008D3D53 /* manifest.json */ = {isa = PBXFileReference; lastKnownFileType = text.json; path = manifest.json; sourceTree = "<group>"; };
		6246F4B429F33889008D3D53 /* background.js */ = {isa = PBXFileReference; lastKnownFileType = sourcecode.javascript; path = background.js; sourceTree = "<group>"; };
		6246F4B629F33889008D3D53 /* content.js */ = {isa = PBXFileReference; lastKnownFileType = sourcecode.javascript; path = content.js; sourceTree = "<group>"; };
		6246F4B829F33889008D3D53 /* popup.html */ = {isa = PBXFileReference; lastKnownFileType = text.html; path = popup.html; sourceTree = "<group>"; };
		6246F4BA29F33889008D3D53 /* popup.css */ = {isa = PBXFileReference; lastKnownFileType = text.css; path = popup.css; sourceTree = "<group>"; };
		6246F4BC29F33889008D3D53 /* popup.js */ = {isa = PBXFileReference; lastKnownFileType = sourcecode.javascript; path = popup.js; sourceTree = "<group>"; };
		6246F4BE29F33889008D3D53 /* Info.plist */ = {isa = PBXFileReference; lastKnownFileType = text.plist.xml; path = Info.plist; sourceTree = "<group>"; };
		6246F4BF29F33889008D3D53 /* BlueBlocked_Extension.entitlements */ = {isa = PBXFileReference; lastKnownFileType = text.plist.entitlements; path = BlueBlocked_Extension.entitlements; sourceTree = "<group>"; };
/* End PBXFileReference section */

/* Begin PBXFrameworksBuildPhase section */
		6246F48E29F3385E008D3D53 /* Frameworks */ = {
			isa = PBXFrameworksBuildPhase;
			buildActionMask = 2147483647;
			files = (
			);
			runOnlyForDeploymentPostprocessing = 0;
		};
		6246F4A029F33888008D3D53 /* Frameworks */ = {
			isa = PBXFrameworksBuildPhase;
			buildActionMask = 2147483647;
			files = (
				6246F4A929F33888008D3D53 /* Cocoa.framework in Frameworks */,
			);
			runOnlyForDeploymentPostprocessing = 0;
		};
/* End PBXFrameworksBuildPhase section */

/* Begin PBXGroup section */
		6246F48829F3385E008D3D53 = {
			isa = PBXGroup;
			children = (
				6246F49329F3385E008D3D53 /* BlueBlocked */,
				6246F4AA29F33888008D3D53 /* BlueBlocked Extension */,
				6246F4A729F33888008D3D53 /* Frameworks */,
				6246F49229F3385E008D3D53 /* Products */,
			);
			sourceTree = "<group>";
		};
		6246F49229F3385E008D3D53 /* Products */ = {
			isa = PBXGroup;
			children = (
				6246F49129F3385E008D3D53 /* BlueBlocked.app */,
				6246F4A329F33888008D3D53 /* BlueBlocked Extension.appex */,
			);
			name = Products;
			sourceTree = "<group>";
		};
		6246F49329F3385E008D3D53 /* BlueBlocked */ = {
			isa = PBXGroup;
			children = (
				6246F49429F3385E008D3D53 /* BlueBlocked.entitlements */,
				6246F49529F3385F008D3D53 /* AppDelegate.swift */,
				6246F49729F3385F008D3D53 /* Main.storyboard */,
				6246F49A29F3385F008D3D53 /* ViewController.swift */,
				6246F49C29F33888008D3D53 /* Assets.xcassets */,
				6246F49E29F33888008D3D53 /* Info.plist */,
			);
			path = BlueBlocked;
			sourceTree = "<group>";
		};
		6246F4A729F33888008D3D53 /* Frameworks */ = {
			isa = PBXGroup;
			children = (
				6246F4A829F33888008D3D53 /* Cocoa.framework */,
			);
			name = Frameworks;
			sourceTree = "<group>";
		};
		6246F4AA29F33888008D3D53 /* BlueBlocked Extension */ = {
			isa = PBXGroup;
			children = (
				6246F4AB29F33888008D3D53 /* SafariWebExtensionHandler.swift */,
				6246F4BE29F33889008D3D53 /* Info.plist */,
				6246F4BF29F33889008D3D53 /* BlueBlocked_Extension.entitlements */,
				6246F4AD29F33888008D3D53 /* Resources */,
			);
			path = "BlueBlocked Extension";
			sourceTree = "<group>";
		};
		6246F4AD29F33888008D3D53 /* Resources */ = {
			isa = PBXGroup;
			children = (
				6246F4AE29F33888008D3D53 /* _locales */,
				6246F4B029F33888008D3D53 /* images */,
				6246F4B229F33889008D3D53 /* manifest.json */,
				6246F4B429F33889008D3D53 /* background.js */,
				6246F4B629F33889008D3D53 /* content.js */,
				6246F4B829F33889008D3D53 /* popup.html */,
				6246F4BA29F33889008D3D53 /* popup.css */,
				6246F4BC29F33889008D3D53 /* popup.js */,
			);
			path = Resources;
			sourceTree = "<group>";
		};
/* End PBXGroup section */

/* Begin PBXNativeTarget section */
		6246F49029F3385E008D3D53 /* BlueBlocked */ = {
			isa = PBXNativeTarget;
			buildConfigurationList = 6246F4C629F33889008D3D53 /* Build configuration list for PBXNativeTarget "BlueBlocked" */;
			buildPhases = (
				6246F48D29F3385E008D3D53 /* Sources */,
				6246F48E29F3385E008D3D53 /* Frameworks */,
				6246F48F29F3385E008D3D53 /* Resources */,
				6246F4C529F33889008D3D53 /* Embed App Extensions */,
			);
			buildRules = (
			);
			dependencies = (
				6246F4A629F33888008D3D53 /* PBXTargetDependency */,
			);
			name = BlueBlocked;
			productName = BlueBlocked;
			productReference = 6246F49129F3385E008D3D53 /* BlueBlocked.app */;
			productType = "com.apple.product-type.application";
		};
		6246F4A229F33888008D3D53 /* BlueBlocked Extension */ = {
			isa = PBXNativeTarget;
			buildConfigurationList = 6246F4C229F33889008D3D53 /* Build configuration list for PBXNativeTarget "BlueBlocked Extension" */;
			buildPhases = (
				6246F49F29F33888008D3D53 /* Sources */,
				6246F4A029F33888008D3D53 /* Frameworks */,
				6246F4A129F33888008D3D53 /* Resources */,
			);
			buildRules = (
			);
			dependencies = (
			);
			name = "BlueBlocked Extension";
			productName = "BlueBlocked Extension";
			productReference = 6246F4A329F33888008D3D53 /* BlueBlocked Extension.appex */;
			productType = "com.apple.product-type.app-extension";
		};
/* End PBXNativeTarget section */

/* Begin PBXProject section */
		6246F48929F3385E008D3D53 /* Project object */ = {
			isa = PBXProject;
			attributes = {
				LastSwiftUpdateCheck = 1240;
				LastUpgradeCheck = 1240;
				TargetAttributes = {
					6246F49029F3385E008D3D53 = {
						CreatedOnToolsVersion = 12.4;
					};
					6246F4A229F33888008D3D53 = {
						CreatedOnToolsVersion = 12.4;
					};
				};
			};
			buildConfigurationList = 6246F48C29F3385E008D3D53 /* Build configuration list for PBXProject "BlueBlocked" */;
			compatibilityVersion = "Xcode 9.3";
			developmentRegion = en;
			hasScannedForEncodings = 0;
			knownRegions = (
				en,
				Base,
			);
			mainGroup = 6246F48829F3385E008D3D53;
			productRefGroup = 6246F49229F3385E008D3D53 /* Products */;
			projectDirPath = "";
			projectRoot = "";
			targets = (
				6246F49029F3385E008D3D53 /* BlueBlocked */,
				6246F4A229F33888008D3D53 /* BlueBlocked Extension */,
			);
		};
/* End PBXProject section */

/* Begin PBXResourcesBuildPhase section */
		6246F48F29F3385E008D3D53 /* Resources */ = {
			isa = PBXResourcesBuildPhase;
			buildActionMask = 2147483647;
			files = (
				6246F49D29F33888008D3D53 /* Assets.xcassets in Resources */,
				6246F49929F3385F008D3D53 /* Main.storyboard in Resources */,
			);
			runOnlyForDeploymentPostprocessing = 0;
		};
		6246F4A129F33888008D3D53 /* Resources */ = {
			isa = PBXResourcesBuildPhase;
			buildActionMask = 2147483647;
			files = (
				6246F4B529F33889008D3D53 /* background.js in Resources */,
				6246F4BB29F33889008D3D53 /* popup.css in Resources */,
				6246F4B929F33889008D3D53 /* popup.html in Resources */,
				6246F4B129F33888008D3D53 /* images in Resources */,
				6246F4B329F33889008D3D53 /* manifest.json in Resources */,
				6246F4AF29F33888008D3D53 /* _locales in Resources */,
				6246F4B729F33889008D3D53 /* content.js in Resources */,
				6246F4BD29F33889008D3D53 /* popup.js in Resources */,
			);
			runOnlyForDeploymentPostprocessing = 0;
		};
/* End PBXResourcesBuildPhase section */

/* Begin PBXSourcesBuildPhase section */
		6246F48D29F3385E008D3D53 /* Sources */ = {
			isa = PBXSourcesBuildPhase;
			buildActionMask = 2147483647;
			files = (
				6246F49B29F3385F008D3D53 /* ViewController.swift in Sources */,
				6246F49629F3385F008D3D53 /* AppDelegate.swift in Sources */,
			);
			runOnlyForDeploymentPostprocessing = 0;
		};
		6246F49F29F33888008D3D53 /* Sources */ = {
			isa = PBXSourcesBuildPhase;
			buildActionMask = 2147483647;
			files = (
				6246F4AC29F33888008D3D53 /* SafariWebExtensionHandler.swift in Sources */,
			);
			runOnlyForDeploymentPostprocessing = 0;
		};
/* End PBXSourcesBuildPhase section */

/* Begin PBXTargetDependency section */
		6246F4A629F33888008D3D53 /* PBXTargetDependency */ = {
			isa = PBXTargetDependency;
			target = 6246F4A229F33888008D3D53 /* BlueBlocked Extension */;
			targetProxy = 6246F4A529F33888008D3D53 /* PBXContainerItemProxy */;
		};
/* End PBXTargetDependency section */

/* Begin PBXVariantGroup section */
		6246F49729F3385F008D3D53 /* Main.storyboard */ = {
			isa = PBXVariantGroup;
			children = (
				6246F49829F3385F008D3D53 /* Base */,
			);
			name = Main.storyboard;
			sourceTree = "<group>";
		};
/* End PBXVariantGroup section */

/* Begin XCBuildConfiguration section */
		6246F4C029F33889008D3D53 /* Debug */ = {
			isa = XCBuildConfiguration;
			buildSettings = {
				ALWAYS_SEARCH_USER_PATHS = NO;
				CLANG_ANALYZER_NONNULL = YES;
				CLANG_ANALYZER_NUMBER_OBJECT_CONVERSION = YES_AGGRESSIVE;
				CLANG_CXX_LANGUAGE_STANDARD = "gnu++14";
				CLANG_CXX_LIBRARY = "libc++";
				CLANG_ENABLE_MODULES = YES;
				CLANG_ENABLE_OBJC_ARC = YES;
				CLANG_ENABLE_OBJC_WEAK = YES;
				CLANG_WARN_BLOCK_CAPTURE_AUTORELEASING = YES;
				CLANG_WARN_BOOL_CONVERSION = YES;
				CLANG_WARN_COMMA = YES;
				CLANG_WARN_CONSTANT_CONVERSION = YES;
				CLANG_WARN_DEPRECATED_OBJC_IMPLEMENTATIONS = YES;
				CLANG_WARN_DIRECT_OBJC_ISA_USAGE = YES_ERROR;
				CLANG_WARN_DOCUMENTATION_COMMENTS = YES;
				CLANG_WARN_EMPTY_BODY = YES;
				CLANG_WARN_ENUM_CONVERSION = YES;
				CLANG_WARN_INFINITE_RECURSION = YES;
				CLANG_WARN_INT_CONVERSION = YES;
				CLANG_WARN_NON_LITERAL_NULL_CONVERSION = YES;
				CLANG_WARN_OBJC_IMPLICIT_RETAIN_SELF = YES;
				CLANG_WARN_OBJC_LITERAL_CONVERSION = YES;
				CLANG_WARN_OBJC_ROOT_CLASS = YES_ERROR;
				CLANG_WARN_QUOTED_INCLUDE_IN_FRAMEWORK_HEADER = YES;
				CLANG_WARN_RANGE_LOOP_ANALYSIS = YES;
				CLANG_WARN_STRICT_PROTOTYPES = YES;
				CLANG_WARN_SUSPICIOUS_MOVE = YES;
				CLANG_WARN_UNGUARDED_AVAILABILITY = YES_AGGRESSIVE;
				CLANG_WARN_UNREACHABLE_CODE = YES;
				CLANG_WARN__DUPLICATE_METHOD_MATCH = YES;
				COPY_PHASE_STRIP = NO;
				DEBUG_INFORMATION_FORMAT = dwarf;
				ENABLE_STRICT_OBJC_MSGSEND = YES;
				ENABLE_TESTABILITY = YES;
				GCC_C_LANGUAGE_STANDARD = gnu11;
				GCC_DYNAMIC_NO_PIC = NO;
				GCC_NO_COMMON_BLOCKS = YES;
				GCC_OPTIMIZATION_LEVEL = 0;
				GCC_PREPROCESSOR_DEFINITIONS = (
					"DEBUG=1",
					"$(inherited)",
				);
				GCC_WARN_64_TO_32_BIT_CONVERSION = YES;
				GCC_WARN_ABOUT_RETURN_TYPE = YES_ERROR;
				GCC_WARN_UNDECLARED_SELECTOR = YES;
				GCC_WARN_UNINITIALIZED_AUTOS = YES_AGGRESSIVE;
				GCC_WARN_UNUSED_FUNCTION = YES;
				GCC_WARN_UNUSED_VARIABLE = YES;
				MACOSX_DEPLOYMENT_TARGET = 10.15;
				MTL_ENABLE_DEBUG_INFO = INCLUDE_SOURCE;
				MTL_FAST_MATH = YES;
				ONLY_ACTIVE_ARCH = YES;
				SDKROOT = macosx;
				SWIFT_ACTIVE_COMPILATION_CONDITIONS = DEBUG;
				SWIFT_OPTIMIZATION_LEVEL = "-Onone";
			};
			name = Debug;
		};
		6246F4C129F33889008D3D53 /* Release */ = {
			isa = XCBuildConfiguration;
			buildSettings = {
				ALWAYS_SEARCH_USER_PATHS = NO;
				CLANG_ANALYZER_NONNULL = YES;
				CLANG_ANALYZER_NUMBER_OBJECT_CONVERSION = YES_AGGRESSIVE;
				CLANG_CXX_LANGUAGE_STANDARD = "gnu++14";
				CLANG_CXX_LIBRARY = "libc++";
				CLANG_ENABLE_MODULES = YES;
				CLANG_ENABLE_OBJC_ARC = YES;
				CLANG_ENABLE_OBJC_WEAK = YES;
				CLANG_WARN_BLOCK_CAPTURE_AUTORELEASING = YES;
				CLANG_WARN_BOOL_CONVERSION = YES;
				CLANG_WARN_COMMA = YES;
				CLANG_WARN_CONSTANT_CONVERSION = YES;
				CLANG_WARN_DEPRECATED_OBJC_IMPLEMENTATIONS = YES;
				CLANG_WARN_DIRECT_OBJC_ISA_USAGE = YES_ERROR;
				CLANG_WARN_DOCUMENTATION_COMMENTS = YES;
				CLANG_WARN_EMPTY_BODY = YES;
				CLANG_WARN_ENUM_CONVERSION = YES;
				CLANG_WARN_INFINITE_RECURSION = YES;
				CLANG_WARN_INT_CONVERSION = YES;
				CLANG_WARN_NON_LITERAL_NULL_CONVERSION = YES;
				CLANG_WARN_OBJC_IMPLICIT_RETAIN_SELF = YES;
				CLANG_WARN_OBJC_LITERAL_CONVERSION = YES;
				CLANG_WARN_OBJC_ROOT_CLASS = YES_ERROR;
				CLANG_WARN_QUOTED_INCLUDE_IN_FRAMEWORK_HEADER = YES;
				CLANG_WARN_RANGE_LOOP_ANALYSIS = YES;
				CLANG_WARN_STRICT_PROTOTYPES = YES;
				CLANG_WARN_SUSPICIOUS_MOVE = YES;
				CLANG_WARN_UNGUARDED_AVAILABILITY = YES_AGGRESSIVE;
				CLANG_WARN_UNREACHABLE_CODE = YES;
				CLANG_WARN__DUPLICATE_METHOD_MATCH = YES;
				COPY_PHASE_STRIP = NO;
				DEBUG_INFORMATION_FORMAT = "dwarf-with-dsym";
				ENABLE_NS_ASSERTIONS = NO;
				ENABLE_STRICT_OBJC_MSGSEND = YES;
				GCC_C_LANGUAGE_STANDARD = gnu11;
				GCC_NO_COMMON_BLOCKS = YES;
				GCC_WARN_64_TO_32_BIT_CONVERSION = YES;
				GCC_WARN_ABOUT_RETURN_TYPE = YES_ERROR;
				GCC_WARN_UNDECLARED_SELECTOR = YES;
				GCC_WARN_UNINITIALIZED_AUTOS = YES_AGGRESSIVE;
				GCC_WARN_UNUSED_FUNCTION = YES;
				GCC_WARN_UNUSED_VARIABLE = YES;
				MACOSX_DEPLOYMENT_TARGET = 10.15;
				MTL_ENABLE_DEBUG_INFO = NO;
				MTL_FAST_MATH = YES;
				SDKROOT = macosx;
				SWIFT_COMPILATION_MODE = wholemodule;
				SWIFT_OPTIMIZATION_LEVEL = "-O";
			};
			name = Release;
		};
		6246F4C329F33889008D3D53 /* Debug */ = {
			isa = XCBuildConfiguration;
			buildSettings = {
				CODE_SIGN_ENTITLEMENTS = "BlueBlocked Extension/BlueBlocked_Extension.entitlements";
				CODE_SIGN_STYLE = Automatic;
				INFOPLIST_FILE = "BlueBlocked Extension/Info.plist";
				LD_RUNPATH_SEARCH_PATHS = (
					"$(inherited)",
					"@executable_path/../Frameworks",
					"@executable_path/../../../../Frameworks",
				);
				MACOSX_DEPLOYMENT_TARGET = 10.14;
				PRODUCT_BUNDLE_IDENTIFIER = io.sumire.BlueBlocked.Extension;
				PRODUCT_NAME = "$(TARGET_NAME)";
				SKIP_INSTALL = YES;
				SWIFT_VERSION = 5.0;
			};
			name = Debug;
		};
		6246F4C429F33889008D3D53 /* Release */ = {
			isa = XCBuildConfiguration;
			buildSettings = {
				CODE_SIGN_ENTITLEMENTS = "BlueBlocked Extension/BlueBlocked_Extension.entitlements";
				CODE_SIGN_STYLE = Automatic;
				INFOPLIST_FILE = "BlueBlocked Extension/Info.plist";
				LD_RUNPATH_SEARCH_PATHS = (
					"$(inherited)",
					"@executable_path/../Frameworks",
					"@executable_path/../../../../Frameworks",
				);
				MACOSX_DEPLOYMENT_TARGET = 10.14;
				PRODUCT_BUNDLE_IDENTIFIER = io.sumire.BlueBlocked.Extension;
				PRODUCT_NAME = "$(TARGET_NAME)";
				SKIP_INSTALL = YES;
				SWIFT_VERSION = 5.0;
			};
			name = Release;
		};
		6246F4C729F33889008D3D53 /* Debug */ = {
			isa = XCBuildConfiguration;
			buildSettings = {
				ALWAYS_EMBED_SWIFT_STANDARD_LIBRARIES = YES;
				ASSETCATALOG_COMPILER_APPICON_NAME = AppIcon;
				ASSETCATALOG_COMPILER_GLOBAL_ACCENT_COLOR_NAME = AccentColor;
				CODE_SIGN_ENTITLEMENTS = BlueBlocked/BlueBlocked.entitlements;
				CODE_SIGN_STYLE = Automatic;
				COMBINE_HIDPI_IMAGES = YES;
				INFOPLIST_FILE = BlueBlocked/Info.plist;
				LD_RUNPATH_SEARCH_PATHS = (
					"$(inherited)",
					"@executable_path/../Frameworks",
				);
				MACOSX_DEPLOYMENT_TARGET = 10.14;
				PRODUCT_BUNDLE_IDENTIFIER = io.sumire.BlueBlocked;
				PRODUCT_NAME = "$(TARGET_NAME)";
				SWIFT_VERSION = 5.0;
			};
			name = Debug;
		};
		6246F4C829F33889008D3D53 /* Release */ = {
			isa = XCBuildConfiguration;
			buildSettings = {
				ALWAYS_EMBED_SWIFT_STANDARD_LIBRARIES = YES;
				ASSETCATALOG_COMPILER_APPICON_NAME = AppIcon;
				ASSETCATALOG_COMPILER_GLOBAL_ACCENT_COLOR_NAME = AccentColor;
				CODE_SIGN_ENTITLEMENTS = BlueBlocked/BlueBlocked.entitlements;
				CODE_SIGN_STYLE = Automatic;
				COMBINE_HIDPI_IMAGES = YES;
				INFOPLIST_FILE = BlueBlocked/Info.plist;
				LD_RUNPATH_SEARCH_PATHS = (
					"$(inherited)",
					"@executable_path/../Frameworks",
				);
				MACOSX_DEPLOYMENT_TARGET = 10.14;
				PRODUCT_BUNDLE_IDENTIFIER = io.sumire.BlueBlocked;
				PRODUCT_NAME = "$(TARGET_NAME)";
				SWIFT_VERSION = 5.0;
			};
			name = Release;
		};
/* End XCBuildConfiguration section */

/* Begin XCConfigurationList section */
		6246F48C29F3385E008D3D53 /* Build configuration list for PBXProject "BlueBlocked" */ = {
			isa = XCConfigurationList;
			buildConfigurations = (
				6246F4C029F33889008D3D53 /* Debug */,
				6246F4C129F33889008D3D53 /* Release */,
			);
			defaultConfigurationIsVisible = 0;
			defaultConfigurationName = Release;
		};
		6246F4C229F33889008D3D53 /* Build configuration list for PBXNativeTarget "BlueBlocked Extension" */ = {
			isa = XCConfigurationList;
			buildConfigurations = (
				6246F4C329F33889008D3D53 /* Debug */,
				6246F4C429F33889008D3D53 /* Release */,
			);
			defaultConfigurationIsVisible = 0;
			defaultConfigurationName = Release;
		};
		6246F4C629F33889008D3D53 /* Build configuration list for PBXNativeTarget "BlueBlocked" */ = {
			isa = XCConfigurationList;
			buildConfigurations = (
				6246F4C729F33889008D3D53 /* Debug */,
				6246F4C829F33889008D3D53 /* Release */,
			);
			defaultConfigurationIsVisible = 0;
			defaultConfigurationName = Release;
		};
/* End XCConfigurationList section */
	};
	rootObject = 6246F48929F3385E008D3D53 /* Project object */;
}
